Microsoft Visual Studio Solution File, Format Version 12.00
# Visual Studio Version 17
VisualStudioVersion = 17.14.35906.104
MinimumVisualStudioVersion = 10.0.40219.1
Project("{FAE04EC0-301F-11D3-BF4B-00C04F79EFBC}") = "Clase4", "Clase4.csproj", "{C635A84F-C0DF-484B-813C-DCEAB6A8AE90}"
EndProject
Project("{FAE04EC0-301F-11D3-BF4B-00C04F79EFBC}") = "ArrayMultiDimension", "..\ArrayMultiDimension\ArrayMultiDimension.csproj", "{5E55F362-3C6E-4CBD-B2B6-534E44685469}"
EndProject
Project("{FAE04EC0-301F-11D3-BF4B-00C04F79EFBC}") = "RepasoPatrones", "..\RepasoPatrones\RepasoPatrones.csproj", "{A2C80053-CCCD-4766-8964-C386B16B33A4}"
EndProject
Global
	GlobalSection(SolutionConfigurationPlatforms) = preSolution
		Debug|Any CPU = Debug|Any CPU
		Release|Any CPU = Release|Any CPU
	EndGlobalSection
	GlobalSection(ProjectConfigurationPlatforms) = postSolution
		{C635A84F-C0DF-484B-813C-DCEAB6A8AE90}.Debug|Any CPU.ActiveCfg = Debug|Any CPU
		{C635A84F-C0DF-484B-813C-DCEAB6A8AE90}.Debug|Any CPU.Build.0 = Debug|Any CPU
		{C635A84F-C0DF-484B-813C-DCEAB6A8AE90}.Release|Any CPU.ActiveCfg = Release|Any CPU
		{C635A84F-C0DF-484B-813C-DCEAB6A8AE90}.Release|Any CPU.Build.0 = Release|Any CPU
		{5E55F362-3C6E-4CBD-B2B6-534E44685469}.Debug|Any CPU.ActiveCfg = Debug|Any CPU
		{5E55F362-3C6E-4CBD-B2B6-534E44685469}.Debug|Any CPU.Build.0 = Debug|Any CPU
		{5E55F362-3C6E-4CBD-B2B6-534E44685469}.Release|Any CPU.ActiveCfg = Release|Any CPU
		{5E55F362-3C6E-4CBD-B2B6-534E44685469}.Release|Any CPU.Build.0 = Release|Any CPU
		{A2C80053-CCCD-4766-8964-C386B16B33A4}.Debug|Any CPU.ActiveCfg = Debug|Any CPU
		{A2C80053-CCCD-4766-8964-C386B16B33A4}.Debug|Any CPU.Build.0 = Debug|Any CPU
		{A2C80053-CCCD-4766-8964-C386B16B33A4}.Release|Any CPU.ActiveCfg = Release|Any CPU
		{A2C80053-CCCD-4766-8964-C386B16B33A4}.Release|Any CPU.Build.0 = Release|Any CPU
	EndGlobalSection
	GlobalSection(SolutionProperties) = preSolution
		HideSolutionNode = FALSE
	EndGlobalSection
	GlobalSection(ExtensibilityGlobals) = postSolution
		SolutionGuid = {E7251C11-243C-4B4F-915F-61A9FFF3AAB0}
	EndGlobalSection
EndGlobal
